
Microsoft Visual Studio Solution File, Format Version 12.00
# Visual Studio 15
VisualStudioVersion = 15.0.28307.645
MinimumVisualStudioVersion = 10.0.40219.1
Project("{9A19103F-16F7-4668-BE54-9A1E7A4F7556}") = "Books.Application", "Books.Application\Books.Application.csproj", "{7AE5C344-07C7-4916-A9B2-196C4CA90226}"
EndProject
Project("{9A19103F-16F7-4668-BE54-9A1E7A4F7556}") = "AWS.Books.WebAPI.Demo", "AWS.Books.WebAPI.Demo\AWS.Books.WebAPI.Demo.csproj", "{05EEEA09-3906-4EEE-9EBA-9A4F738ECE4B}"
EndProject
Project("{2150E333-8FDC-42A3-9474-1A3956D46DE8}") = "aws-deploy", "aws-deploy", "{A29E81B9-C10D-443F-ABEA-6F6D8C25FE00}"
	ProjectSection(SolutionItems) = preProject
		.github\workflows\aws-deployment.yml = .github\workflows\aws-deployment.yml
	EndProjectSection
EndProject
Global
	GlobalSection(SolutionConfigurationPlatforms) = preSolution
		Debug|Any CPU = Debug|Any CPU
		Release|Any CPU = Release|Any CPU
	EndGlobalSection
	GlobalSection(ProjectConfigurationPlatforms) = postSolution
		{7AE5C344-07C7-4916-A9B2-196C4CA90226}.Debug|Any CPU.ActiveCfg = Debug|Any CPU
		{7AE5C344-07C7-4916-A9B2-196C4CA90226}.Debug|Any CPU.Build.0 = Debug|Any CPU
		{7AE5C344-07C7-4916-A9B2-196C4CA90226}.Release|Any CPU.ActiveCfg = Release|Any CPU
		{7AE5C344-07C7-4916-A9B2-196C4CA90226}.Release|Any CPU.Build.0 = Release|Any CPU
		{05EEEA09-3906-4EEE-9EBA-9A4F738ECE4B}.Debug|Any CPU.ActiveCfg = Debug|Any CPU
		{05EEEA09-3906-4EEE-9EBA-9A4F738ECE4B}.Debug|Any CPU.Build.0 = Debug|Any CPU
		{05EEEA09-3906-4EEE-9EBA-9A4F738ECE4B}.Release|Any CPU.ActiveCfg = Release|Any CPU
		{05EEEA09-3906-4EEE-9EBA-9A4F738ECE4B}.Release|Any CPU.Build.0 = Release|Any CPU
	EndGlobalSection
	GlobalSection(SolutionProperties) = preSolution
		HideSolutionNode = FALSE
	EndGlobalSection
	GlobalSection(ExtensibilityGlobals) = postSolution
		SolutionGuid = {D1290122-4A97-4476-B36D-9E7BEE32129A}
	EndGlobalSection
EndGlobal
